PODS:
  - Alamofire (1.1.4)
  - DateTools (1.5.0)
  - Locksmith (1.2.0)
  - Mixpanel (2.7.2):
    - Mixpanel/MPCategoryHelpers (= 2.7.2)
  - Mixpanel/MPCategoryHelpers (2.7.2)
  - PureLayout (2.0.5)
  - Pushwoosh (2.9.4)
  - SDWebImage (3.7.1):
    - SDWebImage/Core (= 3.7.1)
  - SDWebImage/Core (3.7.1)
  - SwiftyJSON (2.1.3)
  - SZTextView (1.1.10)

DEPENDENCIES:
  - Alamofire (~> 1.1)
  - DateTools
  - Locksmith
  - Mixpanel
  - PureLayout
  - Pushwoosh
  - SDWebImage (~> 3.6)
  - SwiftyJSON (= 2.1.3)
  - SZTextView

SPEC CHECKSUMS:
  Alamofire: 524225da382071ee3e6d0badd0ee4b4dc36740de
  DateTools: 7df78f0c4719eb28cfd2d58a90fafd036e73156c
  Locksmith: 15a873e266beceb1b81476e0f50a1e1cba103a6f
  Mixpanel: def38b9e600f101686b8d647e05660a72c089c65
  PureLayout: 63a3257320223e8edddcd3afb407445f85a6bf74
  Pushwoosh: 2148b7450b1287c7c1be798d619562e84e47d0d0
  SDWebImage: 116e88633b5b416ea0ca4b334a4ac59cf72dd38d
  SwiftyJSON: 48be7490a3989a58a3f511cd54167f0a2b466e76
  SZTextView: 8f1126696c6d54e5f0d672bbecf259ef65b04aeb

COCOAPODS: 0.36.0.beta.2
