PODS:
  - Alamofire (1.1.4)
  - DateTools (1.5.0)
  - Google-Maps-iOS-SDK (1.9.1)
  - PureLayout (2.0.5)
  - SwiftyJSON (2.1.3)

DEPENDENCIES:
  - Alamofire (~> 1.1)
  - DateTools
  - Google-Maps-iOS-SDK
  - PureLayout
  - SwiftyJSON (= 2.1.3)

SPEC CHECKSUMS:
  Alamofire: 524225da382071ee3e6d0badd0ee4b4dc36740de
  DateTools: 7df78f0c4719eb28cfd2d58a90fafd036e73156c
  Google-Maps-iOS-SDK: 25fa3c054c74a7dcb82e3ef38224cfa6b66c9344
  PureLayout: 63a3257320223e8edddcd3afb407445f85a6bf74
  SwiftyJSON: 48be7490a3989a58a3f511cd54167f0a2b466e76

COCOAPODS: 0.36.0.beta.2
