// !$*UTF8*$!
{
	archiveVersion = 1;
	classes = {
	};
	objectVersion = 46;
	objects = {

/* Begin PBXBuildFile section */
		F016885F1A41FEE400566C8D /* Alamofire.framework in Copy Frameworks */ = {isa = PBXBuildFile; fileRef = F01688551A41FDD300566C8D /* Alamofire.framework */; settings = {ATTRIBUTES = (CodeSignOnCopy, RemoveHeadersOnCopy, ); }; };
		F01688611A41FFBA00566C8D /* ProfileViewController.swift in Sources */ = {isa = PBXBuildFile; fileRef = F01688601A41FFBA00566C8D /* ProfileViewController.swift */; };
		F0493F7D1A5328D400DA5762 /* AppIcons.xcassets in Resources */ = {isa = PBXBuildFile; fileRef = F0493F7C1A5328D400DA5762 /* AppIcons.xcassets */; };
		F04CB4561A572F3100379EBC /* NewBroadcast.storyboard in Resources */ = {isa = PBXBuildFile; fileRef = F04CB4551A572F3100379EBC /* NewBroadcast.storyboard */; };
		F065B91D1A420D7900CF2A38 /* CoreLocation.framework in Frameworks */ = {isa = PBXBuildFile; fileRef = F065B9171A420C6D00CF2A38 /* CoreLocation.framework */; };
		F080FD201A42011F00B9DD9F /* SwiftyJSON.swift in Sources */ = {isa = PBXBuildFile; fileRef = F080FD1F1A42011F00B9DD9F /* SwiftyJSON.swift */; };
		F0AA546D1A42196300133D25 /* NewBroadcastViewController.swift in Sources */ = {isa = PBXBuildFile; fileRef = F0AA546C1A42196300133D25 /* NewBroadcastViewController.swift */; };
		F0AA54701A4324E000133D25 /* PlacesViewController.swift in Sources */ = {isa = PBXBuildFile; fileRef = F0AA546F1A4324E000133D25 /* PlacesViewController.swift */; };
		F0AD153E1A49E94A00C1E456 /* logo_square.png in Resources */ = {isa = PBXBuildFile; fileRef = F0AD153D1A49E94A00C1E456 /* logo_square.png */; };
		F0AD15441A49E9BA00C1E456 /* InitialViewController.swift in Sources */ = {isa = PBXBuildFile; fileRef = F0AD15431A49E9BA00C1E456 /* InitialViewController.swift */; };
		F0D50DD91A4B3C6800531C50 /* NotificationViewController.swift in Sources */ = {isa = PBXBuildFile; fileRef = F0D50DD81A4B3C6800531C50 /* NotificationViewController.swift */; };
		F0D50DDE1A4DF56C00531C50 /* BroadcastTableViewCell.xib in Resources */ = {isa = PBXBuildFile; fileRef = F0D50DDD1A4DF56C00531C50 /* BroadcastTableViewCell.xib */; };
		F0D50DE11A4E021A00531C50 /* BroadcastTableViewCell.swift in Sources */ = {isa = PBXBuildFile; fileRef = F0D50DE01A4E021A00531C50 /* BroadcastTableViewCell.swift */; };
		F0DB3BC21A41FABF00DC8C9B /* AppDelegate.swift in Sources */ = {isa = PBXBuildFile; fileRef = F0DB3BC11A41FABF00DC8C9B /* AppDelegate.swift */; };
		F0DB3BC41A41FABF00DC8C9B /* ViewController.swift in Sources */ = {isa = PBXBuildFile; fileRef = F0DB3BC31A41FABF00DC8C9B /* ViewController.swift */; };
		F0DB3BC71A41FABF00DC8C9B /* Main.storyboard in Resources */ = {isa = PBXBuildFile; fileRef = F0DB3BC51A41FABF00DC8C9B /* Main.storyboard */; };
		F0DB3BD81A41FABF00DC8C9B /* Hackin_atTests.swift in Sources */ = {isa = PBXBuildFile; fileRef = F0DB3BD71A41FABF00DC8C9B /* Hackin_atTests.swift */; };
		F0DB3BE21A41FB8700DC8C9B /* DashboardViewController.swift in Sources */ = {isa = PBXBuildFile; fileRef = F0DB3BE11A41FB8700DC8C9B /* DashboardViewController.swift */; };
		F0DB3BE41A41FBAA00DC8C9B /* LoginViewController.swift in Sources */ = {isa = PBXBuildFile; fileRef = F0DB3BE31A41FBAA00DC8C9B /* LoginViewController.swift */; };
		F0E674161A4A129000DCA9F8 /* MainViewController.swift in Sources */ = {isa = PBXBuildFile; fileRef = F0E674151A4A129000DCA9F8 /* MainViewController.swift */; };
/* End PBXBuildFile section */

/* Begin PBXContainerItemProxy section */
		F01688541A41FDD300566C8D /* PBXContainerItemProxy */ = {
			isa = PBXContainerItemProxy;
			containerPortal = F0DB3BE51A41FC5700DC8C9B /* Alamofire.xcodeproj */;
			proxyType = 2;
			remoteGlobalIDString = F8111E3319A95C8B0040E7D1;
			remoteInfo = Alamofire;
		};
		F01688561A41FDD300566C8D /* PBXContainerItemProxy */ = {
			isa = PBXContainerItemProxy;
			containerPortal = F0DB3BE51A41FC5700DC8C9B /* Alamofire.xcodeproj */;
			proxyType = 2;
			remoteGlobalIDString = F8111E3E19A95C8B0040E7D1;
			remoteInfo = AlamofireTests;
		};
		F016885C1A41FE8900566C8D /* PBXContainerItemProxy */ = {
			isa = PBXContainerItemProxy;
			containerPortal = F0DB3BE51A41FC5700DC8C9B /* Alamofire.xcodeproj */;
			proxyType = 1;
			remoteGlobalIDString = F8111E3219A95C8B0040E7D1;
			remoteInfo = Alamofire;
		};
		F0DB3BD21A41FABF00DC8C9B /* PBXContainerItemProxy */ = {
			isa = PBXContainerItemProxy;
			containerPortal = F0DB3BB41A41FABF00DC8C9B /* Project object */;
			proxyType = 1;
			remoteGlobalIDString = F0DB3BBB1A41FABF00DC8C9B;
			remoteInfo = Hackin.at;
		};
/* End PBXContainerItemProxy section */

/* Begin PBXCopyFilesBuildPhase section */
		F016885E1A41FEAD00566C8D /* Copy Frameworks */ = {
			isa = PBXCopyFilesBuildPhase;
			buildActionMask = 2147483647;
			dstPath = "";
			dstSubfolderSpec = 10;
			files = (
				F016885F1A41FEE400566C8D /* Alamofire.framework in Copy Frameworks */,
			);
			name = "Copy Frameworks";
			runOnlyForDeploymentPostprocessing = 0;
		};
/* End PBXCopyFilesBuildPhase section */

/* Begin PBXFileReference section */
		F01688601A41FFBA00566C8D /* ProfileViewController.swift */ = {isa = PBXFileReference; fileEncoding = 4; lastKnownFileType = sourcecode.swift; path = ProfileViewController.swift; sourceTree = "<group>"; };
		F0493F7C1A5328D400DA5762 /* AppIcons.xcassets */ = {isa = PBXFileReference; lastKnownFileType = folder.assetcatalog; path = AppIcons.xcassets; sourceTree = "<group>"; };
		F04CB4551A572F3100379EBC /* NewBroadcast.storyboard */ = {isa = PBXFileReference; fileEncoding = 4; lastKnownFileType = file.storyboard; path = NewBroadcast.storyboard; sourceTree = "<group>"; };
		F065B9171A420C6D00CF2A38 /* CoreLocation.framework */ = {isa = PBXFileReference; lastKnownFileType = wrapper.framework; name = CoreLocation.framework; path = System/Library/Frameworks/CoreLocation.framework; sourceTree = SDKROOT; };
		F080FD1F1A42011F00B9DD9F /* SwiftyJSON.swift */ = {isa = PBXFileReference; fileEncoding = 4; lastKnownFileType = sourcecode.swift; path = SwiftyJSON.swift; sourceTree = "<group>"; };
		F0AA546C1A42196300133D25 /* NewBroadcastViewController.swift */ = {isa = PBXFileReference; fileEncoding = 4; lastKnownFileType = sourcecode.swift; path = NewBroadcastViewController.swift; sourceTree = "<group>"; };
		F0AA546F1A4324E000133D25 /* PlacesViewController.swift */ = {isa = PBXFileReference; fileEncoding = 4; lastKnownFileType = sourcecode.swift; path = PlacesViewController.swift; sourceTree = "<group>"; };
		F0AD153D1A49E94A00C1E456 /* logo_square.png */ = {isa = PBXFileReference; lastKnownFileType = image.png; path = logo_square.png; sourceTree = "<group>"; };
		F0AD15431A49E9BA00C1E456 /* InitialViewController.swift */ = {isa = PBXFileReference; fileEncoding = 4; lastKnownFileType = sourcecode.swift; path = InitialViewController.swift; sourceTree = "<group>"; };
		F0D50DD81A4B3C6800531C50 /* NotificationViewController.swift */ = {isa = PBXFileReference; fileEncoding = 4; lastKnownFileType = sourcecode.swift; path = NotificationViewController.swift; sourceTree = "<group>"; };
		F0D50DDD1A4DF56C00531C50 /* BroadcastTableViewCell.xib */ = {isa = PBXFileReference; fileEncoding = 4; lastKnownFileType = file.xib; path = BroadcastTableViewCell.xib; sourceTree = "<group>"; };
		F0D50DE01A4E021A00531C50 /* BroadcastTableViewCell.swift */ = {isa = PBXFileReference; fileEncoding = 4; lastKnownFileType = sourcecode.swift; path = BroadcastTableViewCell.swift; sourceTree = "<group>"; };
		F0DB3BBC1A41FABF00DC8C9B /* Hackin.at.app */ = {isa = PBXFileReference; explicitFileType = wrapper.application; includeInIndex = 0; path = Hackin.at.app; sourceTree = BUILT_PRODUCTS_DIR; };
		F0DB3BC01A41FABF00DC8C9B /* Info.plist */ = {isa = PBXFileReference; lastKnownFileType = text.plist.xml; path = Info.plist; sourceTree = "<group>"; };
		F0DB3BC11A41FABF00DC8C9B /* AppDelegate.swift */ = {isa = PBXFileReference; lastKnownFileType = sourcecode.swift; path = AppDelegate.swift; sourceTree = "<group>"; };
		F0DB3BC31A41FABF00DC8C9B /* ViewController.swift */ = {isa = PBXFileReference; lastKnownFileType = sourcecode.swift; path = ViewController.swift; sourceTree = "<group>"; };
		F0DB3BC61A41FABF00DC8C9B /* Base */ = {isa = PBXFileReference; lastKnownFileType = file.storyboard; name = Base; path = Base.lproj/Main.storyboard; sourceTree = "<group>"; };
		F0DB3BD11A41FABF00DC8C9B /* Hackin.atTests.xctest */ = {isa = PBXFileReference; explicitFileType = wrapper.cfbundle; includeInIndex = 0; path = Hackin.atTests.xctest; sourceTree = BUILT_PRODUCTS_DIR; };
		F0DB3BD61A41FABF00DC8C9B /* Info.plist */ = {isa = PBXFileReference; lastKnownFileType = text.plist.xml; path = Info.plist; sourceTree = "<group>"; };
		F0DB3BD71A41FABF00DC8C9B /* Hackin_atTests.swift */ = {isa = PBXFileReference; lastKnownFileType = sourcecode.swift; path = Hackin_atTests.swift; sourceTree = "<group>"; };
		F0DB3BE11A41FB8700DC8C9B /* DashboardViewController.swift */ = {isa = PBXFileReference; fileEncoding = 4; lastKnownFileType = sourcecode.swift; path = DashboardViewController.swift; sourceTree = "<group>"; };
		F0DB3BE31A41FBAA00DC8C9B /* LoginViewController.swift */ = {isa = PBXFileReference; fileEncoding = 4; lastKnownFileType = sourcecode.swift; path = LoginViewController.swift; sourceTree = "<group>"; };
		F0DB3BE51A41FC5700DC8C9B /* Alamofire.xcodeproj */ = {isa = PBXFileReference; lastKnownFileType = "wrapper.pb-project"; name = Alamofire.xcodeproj; path = ../Alamofire/Alamofire.xcodeproj; sourceTree = "<group>"; };
		F0E674151A4A129000DCA9F8 /* MainViewController.swift */ = {isa = PBXFileReference; fileEncoding = 4; lastKnownFileType = sourcecode.swift; path = MainViewController.swift; sourceTree = "<group>"; };
/* End PBXFileReference section */

/* Begin PBXFrameworksBuildPhase section */
		F0DB3BB91A41FABF00DC8C9B /* Frameworks */ = {
			isa = PBXFrameworksBuildPhase;
			buildActionMask = 2147483647;
			files = (
				F065B91D1A420D7900CF2A38 /* CoreLocation.framework in Frameworks */,
			);
			runOnlyForDeploymentPostprocessing = 0;
		};
		F0DB3BCE1A41FABF00DC8C9B /* Frameworks */ = {
			isa = PBXFrameworksBuildPhase;
			buildActionMask = 2147483647;
			files = (
			);
			runOnlyForDeploymentPostprocessing = 0;
		};
/* End PBXFrameworksBuildPhase section */

/* Begin PBXGroup section */
		F01688501A41FDD200566C8D /* Products */ = {
			isa = PBXGroup;
			children = (
				F01688551A41FDD300566C8D /* Alamofire.framework */,
				F01688571A41FDD300566C8D /* AlamofireTests.xctest */,
			);
			name = Products;
			sourceTree = "<group>";
		};
		F0DB3BB31A41FABF00DC8C9B = {
			isa = PBXGroup;
			children = (
				F0493F7C1A5328D400DA5762 /* AppIcons.xcassets */,
				F065B9171A420C6D00CF2A38 /* CoreLocation.framework */,
				F080FD1F1A42011F00B9DD9F /* SwiftyJSON.swift */,
				F0DB3BBE1A41FABF00DC8C9B /* Hackin.at */,
				F0DB3BD41A41FABF00DC8C9B /* Hackin.atTests */,
				F0DB3BBD1A41FABF00DC8C9B /* Products */,
			);
			sourceTree = "<group>";
		};
		F0DB3BBD1A41FABF00DC8C9B /* Products */ = {
			isa = PBXGroup;
			children = (
				F0DB3BBC1A41FABF00DC8C9B /* Hackin.at.app */,
				F0DB3BD11A41FABF00DC8C9B /* Hackin.atTests.xctest */,
			);
			name = Products;
			sourceTree = "<group>";
		};
		F0DB3BBE1A41FABF00DC8C9B /* Hackin.at */ = {
			isa = PBXGroup;
			children = (
				F0DB3BE51A41FC5700DC8C9B /* Alamofire.xcodeproj */,
				F0DB3BC11A41FABF00DC8C9B /* AppDelegate.swift */,
				F0DB3BC31A41FABF00DC8C9B /* ViewController.swift */,
				F0DB3BC51A41FABF00DC8C9B /* Main.storyboard */,
				F04CB4551A572F3100379EBC /* NewBroadcast.storyboard */,
				F0AA546C1A42196300133D25 /* NewBroadcastViewController.swift */,
				F01688601A41FFBA00566C8D /* ProfileViewController.swift */,
				F0DB3BE11A41FB8700DC8C9B /* DashboardViewController.swift */,
				F0DB3BE31A41FBAA00DC8C9B /* LoginViewController.swift */,
				F0AA546F1A4324E000133D25 /* PlacesViewController.swift */,
				F0AD15431A49E9BA00C1E456 /* InitialViewController.swift */,
				F0E674151A4A129000DCA9F8 /* MainViewController.swift */,
				F0D50DD81A4B3C6800531C50 /* NotificationViewController.swift */,
				F0AD153D1A49E94A00C1E456 /* logo_square.png */,
				F0DB3BBF1A41FABF00DC8C9B /* Supporting Files */,
				F0D50DDD1A4DF56C00531C50 /* BroadcastTableViewCell.xib */,
				F0D50DE01A4E021A00531C50 /* BroadcastTableViewCell.swift */,
			);
			path = Hackin.at;
			sourceTree = "<group>";
		};
		F0DB3BBF1A41FABF00DC8C9B /* Supporting Files */ = {
			isa = PBXGroup;
			children = (
				F0DB3BC01A41FABF00DC8C9B /* Info.plist */,
			);
			name = "Supporting Files";
			sourceTree = "<group>";
		};
		F0DB3BD41A41FABF00DC8C9B /* Hackin.atTests */ = {
			isa = PBXGroup;
			children = (
				F0DB3BD71A41FABF00DC8C9B /* Hackin_atTests.swift */,
				F0DB3BD51A41FABF00DC8C9B /* Supporting Files */,
			);
			path = Hackin.atTests;
			sourceTree = "<group>";
		};
		F0DB3BD51A41FABF00DC8C9B /* Supporting Files */ = {
			isa = PBXGroup;
			children = (
				F0DB3BD61A41FABF00DC8C9B /* Info.plist */,
			);
			name = "Supporting Files";
			sourceTree = "<group>";
		};
/* End PBXGroup section */

/* Begin PBXNativeTarget section */
		F0DB3BBB1A41FABF00DC8C9B /* Hackin.at */ = {
			isa = PBXNativeTarget;
			buildConfigurationList = F0DB3BDB1A41FAC000DC8C9B /* Build configuration list for PBXNativeTarget "Hackin.at" */;
			buildPhases = (
				F0DB3BB81A41FABF00DC8C9B /* Sources */,
				F0DB3BB91A41FABF00DC8C9B /* Frameworks */,
				F0DB3BBA1A41FABF00DC8C9B /* Resources */,
				F016885E1A41FEAD00566C8D /* Copy Frameworks */,
			);
			buildRules = (
			);
			dependencies = (
				F016885D1A41FE8900566C8D /* PBXTargetDependency */,
			);
			name = Hackin.at;
			productName = Hackin.at;
			productReference = F0DB3BBC1A41FABF00DC8C9B /* Hackin.at.app */;
			productType = "com.apple.product-type.application";
		};
		F0DB3BD01A41FABF00DC8C9B /* Hackin.atTests */ = {
			isa = PBXNativeTarget;
			buildConfigurationList = F0DB3BDE1A41FAC000DC8C9B /* Build configuration list for PBXNativeTarget "Hackin.atTests" */;
			buildPhases = (
				F0DB3BCD1A41FABF00DC8C9B /* Sources */,
				F0DB3BCE1A41FABF00DC8C9B /* Frameworks */,
				F0DB3BCF1A41FABF00DC8C9B /* Resources */,
			);
			buildRules = (
			);
			dependencies = (
				F0DB3BD31A41FABF00DC8C9B /* PBXTargetDependency */,
			);
			name = Hackin.atTests;
			productName = Hackin.atTests;
			productReference = F0DB3BD11A41FABF00DC8C9B /* Hackin.atTests.xctest */;
			productType = "com.apple.product-type.bundle.unit-test";
		};
/* End PBXNativeTarget section */

/* Begin PBXProject section */
		F0DB3BB41A41FABF00DC8C9B /* Project object */ = {
			isa = PBXProject;
			attributes = {
				LastUpgradeCheck = 0610;
				ORGANIZATIONNAME = "Prateek Dayal";
				TargetAttributes = {
					F0DB3BBB1A41FABF00DC8C9B = {
						CreatedOnToolsVersion = 6.1.1;
					};
					F0DB3BD01A41FABF00DC8C9B = {
						CreatedOnToolsVersion = 6.1.1;
						TestTargetID = F0DB3BBB1A41FABF00DC8C9B;
					};
				};
			};
			buildConfigurationList = F0DB3BB71A41FABF00DC8C9B /* Build configuration list for PBXProject "Hackin.at" */;
			compatibilityVersion = "Xcode 3.2";
			developmentRegion = English;
			hasScannedForEncodings = 0;
			knownRegions = (
				en,
				Base,
			);
			mainGroup = F0DB3BB31A41FABF00DC8C9B;
			productRefGroup = F0DB3BBD1A41FABF00DC8C9B /* Products */;
			projectDirPath = "";
			projectReferences = (
				{
					ProductGroup = F01688501A41FDD200566C8D /* Products */;
					ProjectRef = F0DB3BE51A41FC5700DC8C9B /* Alamofire.xcodeproj */;
				},
			);
			projectRoot = "";
			targets = (
				F0DB3BBB1A41FABF00DC8C9B /* Hackin.at */,
				F0DB3BD01A41FABF00DC8C9B /* Hackin.atTests */,
			);
		};
/* End PBXProject section */

/* Begin PBXReferenceProxy section */
		F01688551A41FDD300566C8D /* Alamofire.framework */ = {
			isa = PBXReferenceProxy;
			fileType = wrapper.framework;
			path = Alamofire.framework;
			remoteRef = F01688541A41FDD300566C8D /* PBXContainerItemProxy */;
			sourceTree = BUILT_PRODUCTS_DIR;
		};
		F01688571A41FDD300566C8D /* AlamofireTests.xctest */ = {
			isa = PBXReferenceProxy;
			fileType = wrapper.cfbundle;
			path = AlamofireTests.xctest;
			remoteRef = F01688561A41FDD300566C8D /* PBXContainerItemProxy */;
			sourceTree = BUILT_PRODUCTS_DIR;
		};
/* End PBXReferenceProxy section */

/* Begin PBXResourcesBuildPhase section */
		F0DB3BBA1A41FABF00DC8C9B /* Resources */ = {
			isa = PBXResourcesBuildPhase;
			buildActionMask = 2147483647;
			files = (
				F0DB3BC71A41FABF00DC8C9B /* Main.storyboard in Resources */,
				F04CB4561A572F3100379EBC /* NewBroadcast.storyboard in Resources */,
				F0493F7D1A5328D400DA5762 /* AppIcons.xcassets in Resources */,
				F0D50DDE1A4DF56C00531C50 /* BroadcastTableViewCell.xib in Resources */,
				F0AD153E1A49E94A00C1E456 /* logo_square.png in Resources */,
			);
			runOnlyForDeploymentPostprocessing = 0;
		};
		F0DB3BCF1A41FABF00DC8C9B /* Resources */ = {
			isa = PBXResourcesBuildPhase;
			buildActionMask = 2147483647;
			files = (
			);
			runOnlyForDeploymentPostprocessing = 0;
		};
/* End PBXResourcesBuildPhase section */

/* Begin PBXSourcesBuildPhase section */
		F0DB3BB81A41FABF00DC8C9B /* Sources */ = {
			isa = PBXSourcesBuildPhase;
			buildActionMask = 2147483647;
			files = (
				F0DB3BE41A41FBAA00DC8C9B /* LoginViewController.swift in Sources */,
				F0D50DD91A4B3C6800531C50 /* NotificationViewController.swift in Sources */,
				F0DB3BC41A41FABF00DC8C9B /* ViewController.swift in Sources */,
				F01688611A41FFBA00566C8D /* ProfileViewController.swift in Sources */,
				F0AD15441A49E9BA00C1E456 /* InitialViewController.swift in Sources */,
				F0AA546D1A42196300133D25 /* NewBroadcastViewController.swift in Sources */,
				F0AA54701A4324E000133D25 /* PlacesViewController.swift in Sources */,
				F080FD201A42011F00B9DD9F /* SwiftyJSON.swift in Sources */,
				F0DB3BE21A41FB8700DC8C9B /* DashboardViewController.swift in Sources */,
				F0D50DE11A4E021A00531C50 /* BroadcastTableViewCell.swift in Sources */,
				F0DB3BC21A41FABF00DC8C9B /* AppDelegate.swift in Sources */,
				F0E674161A4A129000DCA9F8 /* MainViewController.swift in Sources */,
			);
			runOnlyForDeploymentPostprocessing = 0;
		};
		F0DB3BCD1A41FABF00DC8C9B /* Sources */ = {
			isa = PBXSourcesBuildPhase;
			buildActionMask = 2147483647;
			files = (
				F0DB3BD81A41FABF00DC8C9B /* Hackin_atTests.swift in Sources */,
			);
			runOnlyForDeploymentPostprocessing = 0;
		};
/* End PBXSourcesBuildPhase section */

/* Begin PBXTargetDependency section */
		F016885D1A41FE8900566C8D /* PBXTargetDependency */ = {
			isa = PBXTargetDependency;
			name = Alamofire;
			targetProxy = F016885C1A41FE8900566C8D /* PBXContainerItemProxy */;
		};
		F0DB3BD31A41FABF00DC8C9B /* PBXTargetDependency */ = {
			isa = PBXTargetDependency;
			target = F0DB3BBB1A41FABF00DC8C9B /* Hackin.at */;
			targetProxy = F0DB3BD21A41FABF00DC8C9B /* PBXContainerItemProxy */;
		};
/* End PBXTargetDependency section */

/* Begin PBXVariantGroup section */
		F0DB3BC51A41FABF00DC8C9B /* Main.storyboard */ = {
			isa = PBXVariantGroup;
			children = (
				F0DB3BC61A41FABF00DC8C9B /* Base */,
			);
			name = Main.storyboard;
			sourceTree = "<group>";
		};
/* End PBXVariantGroup section */

/* Begin XCBuildConfiguration section */
		F0DB3BD91A41FAC000DC8C9B /* Debug */ = {
			isa = XCBuildConfiguration;
			buildSettings = {
				ALWAYS_SEARCH_USER_PATHS = NO;
				CLANG_CXX_LANGUAGE_STANDARD = "gnu++0x";
				CLANG_CXX_LIBRARY = "libc++";
				CLANG_ENABLE_MODULES = YES;
				CLANG_ENABLE_OBJC_ARC = YES;
				CLANG_WARN_BOOL_CONVERSION = YES;
				CLANG_WARN_CONSTANT_CONVERSION = YES;
				CLANG_WARN_DIRECT_OBJC_ISA_USAGE = YES_ERROR;
				CLANG_WARN_EMPTY_BODY = YES;
				CLANG_WARN_ENUM_CONVERSION = YES;
				CLANG_WARN_INT_CONVERSION = YES;
				CLANG_WARN_OBJC_ROOT_CLASS = YES_ERROR;
				CLANG_WARN_UNREACHABLE_CODE = YES;
				CLANG_WARN__DUPLICATE_METHOD_MATCH = YES;
				"CODE_SIGN_IDENTITY[sdk=iphoneos*]" = "iPhone Developer";
				COPY_PHASE_STRIP = NO;
				ENABLE_STRICT_OBJC_MSGSEND = YES;
				GCC_C_LANGUAGE_STANDARD = gnu99;
				GCC_DYNAMIC_NO_PIC = NO;
				GCC_OPTIMIZATION_LEVEL = 0;
				GCC_PREPROCESSOR_DEFINITIONS = (
					"DEBUG=1",
					"$(inherited)",
				);
				GCC_SYMBOLS_PRIVATE_EXTERN = NO;
				GCC_WARN_64_TO_32_BIT_CONVERSION = YES;
				GCC_WARN_ABOUT_RETURN_TYPE = YES_ERROR;
				GCC_WARN_UNDECLARED_SELECTOR = YES;
				GCC_WARN_UNINITIALIZED_AUTOS = YES_AGGRESSIVE;
				GCC_WARN_UNUSED_FUNCTION = YES;
				GCC_WARN_UNUSED_VARIABLE = YES;
				IPHONEOS_DEPLOYMENT_TARGET = 8.1;
				MTL_ENABLE_DEBUG_INFO = YES;
				ONLY_ACTIVE_ARCH = YES;
				SDKROOT = iphoneos;
				SWIFT_OPTIMIZATION_LEVEL = "-Onone";
			};
			name = Debug;
		};
		F0DB3BDA1A41FAC000DC8C9B /* Release */ = {
			isa = XCBuildConfiguration;
			buildSettings = {
				ALWAYS_SEARCH_USER_PATHS = NO;
				CLANG_CXX_LANGUAGE_STANDARD = "gnu++0x";
				CLANG_CXX_LIBRARY = "libc++";
				CLANG_ENABLE_MODULES = YES;
				CLANG_ENABLE_OBJC_ARC = YES;
				CLANG_WARN_BOOL_CONVERSION = YES;
				CLANG_WARN_CONSTANT_CONVERSION = YES;
				CLANG_WARN_DIRECT_OBJC_ISA_USAGE = YES_ERROR;
				CLANG_WARN_EMPTY_BODY = YES;
				CLANG_WARN_ENUM_CONVERSION = YES;
				CLANG_WARN_INT_CONVERSION = YES;
				CLANG_WARN_OBJC_ROOT_CLASS = YES_ERROR;
				CLANG_WARN_UNREACHABLE_CODE = YES;
				CLANG_WARN__DUPLICATE_METHOD_MATCH = YES;
				"CODE_SIGN_IDENTITY[sdk=iphoneos*]" = "iPhone Developer";
				COPY_PHASE_STRIP = YES;
				ENABLE_NS_ASSERTIONS = NO;
				ENABLE_STRICT_OBJC_MSGSEND = YES;
				GCC_C_LANGUAGE_STANDARD = gnu99;
				GCC_WARN_64_TO_32_BIT_CONVERSION = YES;
				GCC_WARN_ABOUT_RETURN_TYPE = YES_ERROR;
				GCC_WARN_UNDECLARED_SELECTOR = YES;
				GCC_WARN_UNINITIALIZED_AUTOS = YES_AGGRESSIVE;
				GCC_WARN_UNUSED_FUNCTION = YES;
				GCC_WARN_UNUSED_VARIABLE = YES;
				IPHONEOS_DEPLOYMENT_TARGET = 8.1;
				MTL_ENABLE_DEBUG_INFO = NO;
				SDKROOT = iphoneos;
				VALIDATE_PRODUCT = YES;
			};
			name = Release;
		};
		F0DB3BDC1A41FAC000DC8C9B /* Debug */ = {
			isa = XCBuildConfiguration;
			buildSettings = {
				ASSETCATALOG_COMPILER_APPICON_NAME = AppIcon;
				FRAMEWORK_SEARCH_PATHS = (
					"$(inherited)",
					"$(USER_LIBRARY_DIR)/Developer/Xcode/DerivedData/Hackin.at-cizuiaqeoqhrcuetzkdvaudslqbj/Build/Products/Debug-iphoneos",
				);
				INFOPLIST_FILE = Hackin.at/Info.plist;
				IPHONEOS_DEPLOYMENT_TARGET = 8.1;
				LD_RUNPATH_SEARCH_PATHS = "$(inherited) @executable_path/Frameworks";
				PRODUCT_NAME = "$(TARGET_NAME)";
			};
			name = Debug;
		};
		F0DB3BDD1A41FAC000DC8C9B /* Release */ = {
			isa = XCBuildConfiguration;
			buildSettings = {
				ASSETCATALOG_COMPILER_APPICON_NAME = AppIcon;
				FRAMEWORK_SEARCH_PATHS = (
					"$(inherited)",
					"$(USER_LIBRARY_DIR)/Developer/Xcode/DerivedData/Hackin.at-cizuiaqeoqhrcuetzkdvaudslqbj/Build/Products/Debug-iphoneos",
				);
				INFOPLIST_FILE = Hackin.at/Info.plist;
				IPHONEOS_DEPLOYMENT_TARGET = 8.1;
				LD_RUNPATH_SEARCH_PATHS = "$(inherited) @executable_path/Frameworks";
				PRODUCT_NAME = "$(TARGET_NAME)";
			};
			name = Release;
		};
		F0DB3BDF1A41FAC000DC8C9B /* Debug */ = {
			isa = XCBuildConfiguration;
			buildSettings = {
				BUNDLE_LOADER = "$(TEST_HOST)";
				FRAMEWORK_SEARCH_PATHS = (
					"$(SDKROOT)/Developer/Library/Frameworks",
					"$(inherited)",
				);
				GCC_PREPROCESSOR_DEFINITIONS = (
					"DEBUG=1",
					"$(inherited)",
				);
				INFOPLIST_FILE = Hackin.atTests/Info.plist;
				LD_RUNPATH_SEARCH_PATHS = "$(inherited) @executable_path/Frameworks @loader_path/Frameworks";
				PRODUCT_NAME = "$(TARGET_NAME)";
				TEST_HOST = "$(BUILT_PRODUCTS_DIR)/Hackin.at.app/Hackin.at";
			};
			name = Debug;
		};
		F0DB3BE01A41FAC000DC8C9B /* Release */ = {
			isa = XCBuildConfiguration;
			buildSettings = {
				BUNDLE_LOADER = "$(TEST_HOST)";
				FRAMEWORK_SEARCH_PATHS = (
					"$(SDKROOT)/Developer/Library/Frameworks",
					"$(inherited)",
				);
				INFOPLIST_FILE = Hackin.atTests/Info.plist;
				LD_RUNPATH_SEARCH_PATHS = "$(inherited) @executable_path/Frameworks @loader_path/Frameworks";
				PRODUCT_NAME = "$(TARGET_NAME)";
				TEST_HOST = "$(BUILT_PRODUCTS_DIR)/Hackin.at.app/Hackin.at";
			};
			name = Release;
		};
/* End XCBuildConfiguration section */

/* Begin XCConfigurationList section */
		F0DB3BB71A41FABF00DC8C9B /* Build configuration list for PBXProject "Hackin.at" */ = {
			isa = XCConfigurationList;
			buildConfigurations = (
				F0DB3BD91A41FAC000DC8C9B /* Debug */,
				F0DB3BDA1A41FAC000DC8C9B /* Release */,
			);
			defaultConfigurationIsVisible = 0;
			defaultConfigurationName = Release;
		};
		F0DB3BDB1A41FAC000DC8C9B /* Build configuration list for PBXNativeTarget "Hackin.at" */ = {
			isa = XCConfigurationList;
			buildConfigurations = (
				F0DB3BDC1A41FAC000DC8C9B /* Debug */,
				F0DB3BDD1A41FAC000DC8C9B /* Release */,
			);
			defaultConfigurationIsVisible = 0;
			defaultConfigurationName = Release;
		};
		F0DB3BDE1A41FAC000DC8C9B /* Build configuration list for PBXNativeTarget "Hackin.atTests" */ = {
			isa = XCConfigurationList;
			buildConfigurations = (
				F0DB3BDF1A41FAC000DC8C9B /* Debug */,
				F0DB3BE01A41FAC000DC8C9B /* Release */,
			);
			defaultConfigurationIsVisible = 0;
			defaultConfigurationName = Release;
		};
/* End XCConfigurationList section */
	};
	rootObject = F0DB3BB41A41FABF00DC8C9B /* Project object */;
}
